
Microsoft Visual Studio Solution File, Format Version 12.00
# Visual Studio Version 16
VisualStudioVersion = 16.0.31112.23
MinimumVisualStudioVersion = 10.0.40219.1
Project("{FAE04EC0-301F-11D3-BF4B-00C04F79EFBC}") = "Reddit Wallpaper Changer", "Reddit Wallpaper Changer\Reddit Wallpaper Changer.csproj", "{E7DD94D8-2127-46C3-B8F1-167B7815CA12}"
EndProject
Project("{54435603-DBB4-11D2-8724-00A0C9A8B90C}") = "Reddit-Wallpaper-Changer-Installer", "Reddit Wallpaper Changer Installer\Reddit Wallpaper Changer Installer.vdproj", "{518C1467-6B9F-4A63-AA0E-5D1174BA2C3B}"
EndProject
Global
	GlobalSection(SolutionConfigurationPlatforms) = preSolution
		Debug|Any CPU = Debug|Any CPU
		Debug|x64 = Debug|x64
		Debug|x86 = Debug|x86
		Release|Any CPU = Release|Any CPU
		Release|x64 = Release|x64
		Release|x86 = Release|x86
	EndGlobalSection
	GlobalSection(ProjectConfigurationPlatforms) = postSolution
		{E7DD94D8-2127-46C3-B8F1-167B7815CA12}.Debug|Any CPU.ActiveCfg = Debug|Any CPU
		{E7DD94D8-2127-46C3-B8F1-167B7815CA12}.Debug|Any CPU.Build.0 = Debug|Any CPU
		{E7DD94D8-2127-46C3-B8F1-167B7815CA12}.Debug|Any CPU.Deploy.0 = Debug|Any CPU
		{E7DD94D8-2127-46C3-B8F1-167B7815CA12}.Debug|x64.ActiveCfg = Remote|x64
		{E7DD94D8-2127-46C3-B8F1-167B7815CA12}.Debug|x64.Build.0 = Remote|x64
		{E7DD94D8-2127-46C3-B8F1-167B7815CA12}.Debug|x86.ActiveCfg = Remote|x86
		{E7DD94D8-2127-46C3-B8F1-167B7815CA12}.Debug|x86.Build.0 = Remote|x86
		{E7DD94D8-2127-46C3-B8F1-167B7815CA12}.Release|Any CPU.ActiveCfg = Release|Any CPU
		{E7DD94D8-2127-46C3-B8F1-167B7815CA12}.Release|Any CPU.Build.0 = Release|Any CPU
		{E7DD94D8-2127-46C3-B8F1-167B7815CA12}.Release|x64.ActiveCfg = Release|x64
		{E7DD94D8-2127-46C3-B8F1-167B7815CA12}.Release|x64.Build.0 = Release|x64
		{E7DD94D8-2127-46C3-B8F1-167B7815CA12}.Release|x86.ActiveCfg = Release|x86
		{E7DD94D8-2127-46C3-B8F1-167B7815CA12}.Release|x86.Build.0 = Release|x86
		{518C1467-6B9F-4A63-AA0E-5D1174BA2C3B}.Debug|Any CPU.ActiveCfg = Debug
		{518C1467-6B9F-4A63-AA0E-5D1174BA2C3B}.Debug|Any CPU.Build.0 = Debug
		{518C1467-6B9F-4A63-AA0E-5D1174BA2C3B}.Debug|x64.ActiveCfg = Debug
		{518C1467-6B9F-4A63-AA0E-5D1174BA2C3B}.Debug|x86.ActiveCfg = Debug
		{518C1467-6B9F-4A63-AA0E-5D1174BA2C3B}.Release|Any CPU.ActiveCfg = Release
		{518C1467-6B9F-4A63-AA0E-5D1174BA2C3B}.Release|x64.ActiveCfg = Release
		{518C1467-6B9F-4A63-AA0E-5D1174BA2C3B}.Release|x86.ActiveCfg = Release
	EndGlobalSection
	GlobalSection(SolutionProperties) = preSolution
		HideSolutionNode = FALSE
	EndGlobalSection
	GlobalSection(ExtensibilityGlobals) = postSolution
		SolutionGuid = {EC62FD1E-7018-4B39-9E26-68522C108809}
	EndGlobalSection
EndGlobal
